PODS:
  - AFNetworking (3.2.1):
    - AFNetworking/NSURLSession (= 3.2.1)
    - AFNetworking/Reachability (= 3.2.1)
    - AFNetworking/Security (= 3.2.1)
    - AFNetworking/Serialization (= 3.2.1)
    - AFNetworking/UIKit (= 3.2.1)
  - AFNetworking/NSURLSession (3.2.1):
    - AFNetworking/Reachability
    - AFNetworking/Security
    - AFNetworking/Serialization
  - AFNetworking/Reachability (3.2.1)
  - AFNetworking/Security (3.2.1)
  - AFNetworking/Serialization (3.2.1)
  - AFNetworking/UIKit (3.2.1):
    - AFNetworking/NSURLSession
  - iOS-Echarts (1.4.4)
  - MJRefresh (3.1.15.7)
  - SDWebImage (4.4.3):
    - SDWebImage/Core (= 4.4.3)
  - SDWebImage/Core (4.4.3)
  - SnapKit (4.0.1)
  - SwiftyJSON (4.2.0)

DEPENDENCIES:
  - AFNetworking (~> 3.0)
  - iOS-Echarts
  - MJRefresh
  - SDWebImage (~> 4.0)
  - SnapKit (~> 4.0.0)
  - SwiftyJSON (~> 4.0)

SPEC REPOS:
  https://github.com/CocoaPods/Specs.git:
    - AFNetworking
    - iOS-Echarts
    - MJRefresh
    - SDWebImage
    - SnapKit
    - SwiftyJSON

SPEC CHECKSUMS:
  AFNetworking: b6f891fdfaed196b46c7a83cf209e09697b94057
  iOS-Echarts: dbc7423d861e5eedee78906a39d205b5c4da9a13
  MJRefresh: 697f8ec75ebdbe9207767bb682cf0f51b0d8a41f
  SDWebImage: c5594f1a19c48d526d321e548902b56b479cd508
  SnapKit: 0de968a9fec17499afa29683b05d0c775b6d1c29
  SwiftyJSON: c4bcba26dd9ec7a027fc8eade48e2c911f229e96

PODFILE CHECKSUM: 0c168dea1a5386e836a793f92fba6cf99d2cd9e5

COCOAPODS: 1.8.4
